
Microsoft Visual Studio Solution File, Format Version 12.00
# Visual Studio Version 17
VisualStudioVersion = 17.8.34309.116
MinimumVisualStudioVersion = 10.0.40219.1
Project("{FAE04EC0-301F-11D3-BF4B-00C04F79EFBC}") = "IPScanner", "IPScanner\IPScanner.csproj", "{0C6C1853-6819-41C0-BA45-4ACE3C560029}"
EndProject
Global
	GlobalSection(SolutionConfigurationPlatforms) = preSolution
		Debug|Any CPU = Debug|Any CPU
		Release|Any CPU = Release|Any CPU
	EndGlobalSection
	GlobalSection(ProjectConfigurationPlatforms) = postSolution
		{0C6C1853-6819-41C0-BA45-4ACE3C560029}.Debug|Any CPU.ActiveCfg = Debug|Any CPU
		{0C6C1853-6819-41C0-BA45-4ACE3C560029}.Debug|Any CPU.Build.0 = Debug|Any CPU
		{0C6C1853-6819-41C0-BA45-4ACE3C560029}.Release|Any CPU.ActiveCfg = Release|Any CPU
		{0C6C1853-6819-41C0-BA45-4ACE3C560029}.Release|Any CPU.Build.0 = Release|Any CPU
	EndGlobalSection
	GlobalSection(SolutionProperties) = preSolution
		HideSolutionNode = FALSE
	EndGlobalSection
	GlobalSection(ExtensibilityGlobals) = postSolution
		SolutionGuid = {237B96FF-1181-4FAB-9EC2-B442562D2FA6}
	EndGlobalSection
EndGlobal
